// !$*UTF8*$!
{
	archiveVersion = 1;
	classes = {
	};
	objectVersion = 46;
	objects = {

/* Begin PBXBuildFile section */
		18311A1D18CDCBE4001A2069 /* Foundation.framework in Frameworks */ = {isa = PBXBuildFile; fileRef = 18311A1C18CDCBE4001A2069 /* Foundation.framework */; };
		18311A1F18CDCBE4001A2069 /* CoreGraphics.framework in Frameworks */ = {isa = PBXBuildFile; fileRef = 18311A1E18CDCBE4001A2069 /* CoreGraphics.framework */; };
		18311A2118CDCBE4001A2069 /* UIKit.framework in Frameworks */ = {isa = PBXBuildFile; fileRef = 18311A2018CDCBE4001A2069 /* UIKit.framework */; };
		18311A2718CDCBE4001A2069 /* InfoPlist.strings in Resources */ = {isa = PBXBuildFile; fileRef = 18311A2518CDCBE4001A2069 /* InfoPlist.strings */; };
		18311A2918CDCBE4001A2069 /* main.m in Sources */ = {isa = PBXBuildFile; fileRef = 18311A2818CDCBE4001A2069 /* main.m */; };
		18311A2D18CDCBE4001A2069 /* AppDelegate.m in Sources */ = {isa = PBXBuildFile; fileRef = 18311A2C18CDCBE4001A2069 /* AppDelegate.m */; };
		18311A3018CDCBE4001A2069 /* Main.storyboard in Resources */ = {isa = PBXBuildFile; fileRef = 18311A2E18CDCBE4001A2069 /* Main.storyboard */; };
		18311A3318CDCBE4001A2069 /* ViewController.m in Sources */ = {isa = PBXBuildFile; fileRef = 18311A3218CDCBE4001A2069 /* ViewController.m */; };
		18311A3518CDCBE4001A2069 /* Images.xcassets in Resources */ = {isa = PBXBuildFile; fileRef = 18311A3418CDCBE4001A2069 /* Images.xcassets */; };
		18311A3C18CDCBE4001A2069 /* XCTest.framework in Frameworks */ = {isa = PBXBuildFile; fileRef = 18311A3B18CDCBE4001A2069 /* XCTest.framework */; };
		18311A3D18CDCBE4001A2069 /* Foundation.framework in Frameworks */ = {isa = PBXBuildFile; fileRef = 18311A1C18CDCBE4001A2069 /* Foundation.framework */; };
		18311A3E18CDCBE4001A2069 /* UIKit.framework in Frameworks */ = {isa = PBXBuildFile; fileRef = 18311A2018CDCBE4001A2069 /* UIKit.framework */; };
		18311A4618CDCBE4001A2069 /* InfoPlist.strings in Resources */ = {isa = PBXBuildFile; fileRef = 18311A4418CDCBE4001A2069 /* InfoPlist.strings */; };
		18311A4818CDCBE4001A2069 /* ButtonExTests.m in Sources */ = {isa = PBXBuildFile; fileRef = 18311A4718CDCBE4001A2069 /* ButtonExTests.m */; };
		18311A5218CDCF66001A2069 /* image.png in Resources */ = {isa = PBXBuildFile; fileRef = 18311A5118CDCF66001A2069 /* image.png */; };
		18DE499E18CDD5D900270413 /* anna.jpg in Resources */ = {isa = PBXBuildFile; fileRef = 18DE499418CDD5D900270413 /* anna.jpg */; };
		18DE49A018CDD5D900270413 /* el'za.png in Resources */ = {isa = PBXBuildFile; fileRef = 18DE499618CDD5D900270413 /* el'za.png */; };
		18DE49A118CDD5D900270413 /* kristoff.jpg in Resources */ = {isa = PBXBuildFile; fileRef = 18DE499718CDD5D900270413 /* kristoff.jpg */; };
		18DE49A218CDD5D900270413 /* olov.jpg in Resources */ = {isa = PBXBuildFile; fileRef = 18DE499818CDD5D900270413 /* olov.jpg */; };
		18DE49A318CDD5D900270413 /* olov2.png in Resources */ = {isa = PBXBuildFile; fileRef = 18DE499918CDD5D900270413 /* olov2.png */; };
		18DE49A418CDD5D900270413 /* olov3.png in Resources */ = {isa = PBXBuildFile; fileRef = 18DE499A18CDD5D900270413 /* olov3.png */; };
		18DE49A518CDD5D900270413 /* princ.png in Resources */ = {isa = PBXBuildFile; fileRef = 18DE499B18CDD5D900270413 /* princ.png */; };
		18DE49A618CDD5D900270413 /* swen.png in Resources */ = {isa = PBXBuildFile; fileRef = 18DE499C18CDD5D900270413 /* swen.png */; };
		18DE49A718CDD5D900270413 /* vse .png in Resources */ = {isa = PBXBuildFile; fileRef = 18DE499D18CDD5D900270413 /* vse .png */; };
		18DE49AB18CDD75200270413 /* cards.jpg in Resources */ = {isa = PBXBuildFile; fileRef = 18DE49AA18CDD75200270413 /* cards.jpg */; };
/* End PBXBuildFile section */

/* Begin PBXContainerItemProxy section */
		18311A3F18CDCBE4001A2069 /* PBXContainerItemProxy */ = {
			isa = PBXContainerItemProxy;
			containerPortal = 18311A1118CDCBE4001A2069 /* Project object */;
			proxyType = 1;
			remoteGlobalIDString = 18311A1818CDCBE4001A2069;
			remoteInfo = ButtonEx;
		};
/* End PBXContainerItemProxy section */

/* Begin PBXFileReference section */
		18311A1918CDCBE4001A2069 /* ButtonEx.app */ = {isa = PBXFileReference; explicitFileType = wrapper.application; includeInIndex = 0; path = ButtonEx.app; sourceTree = BUILT_PRODUCTS_DIR; };
		18311A1C18CDCBE4001A2069 /* Foundation.framework */ = {isa = PBXFileReference; lastKnownFileType = wrapper.framework; name = Foundation.framework; path = System/Library/Frameworks/Foundation.framework; sourceTree = SDKROOT; };
		18311A1E18CDCBE4001A2069 /* CoreGraphics.framework */ = {isa = PBXFileReference; lastKnownFileType = wrapper.framework; name = CoreGraphics.framework; path = System/Library/Frameworks/CoreGraphics.framework; sourceTree = SDKROOT; };
		18311A2018CDCBE4001A2069 /* UIKit.framework */ = {isa = PBXFileReference; lastKnownFileType = wrapper.framework; name = UIKit.framework; path = System/Library/Frameworks/UIKit.framework; sourceTree = SDKROOT; };
		18311A2418CDCBE4001A2069 /* ButtonEx-Info.plist */ = {isa = PBXFileReference; lastKnownFileType = text.plist.xml; path = "ButtonEx-Info.plist"; sourceTree = "<group>"; };
		18311A2618CDCBE4001A2069 /* en */ = {isa = PBXFileReference; lastKnownFileType = text.plist.strings; name = en; path = en.lproj/InfoPlist.strings; sourceTree = "<group>"; };
		18311A2818CDCBE4001A2069 /* main.m */ = {isa = PBXFileReference; lastKnownFileType = sourcecode.c.objc; path = main.m; sourceTree = "<group>"; };
		18311A2A18CDCBE4001A2069 /* ButtonEx-Prefix.pch */ = {isa = PBXFileReference; lastKnownFileType = sourcecode.c.h; path = "ButtonEx-Prefix.pch"; sourceTree = "<group>"; };
		18311A2B18CDCBE4001A2069 /* AppDelegate.h */ = {isa = PBXFileReference; lastKnownFileType = sourcecode.c.h; path = AppDelegate.h; sourceTree = "<group>"; };
		18311A2C18CDCBE4001A2069 /* AppDelegate.m */ = {isa = PBXFileReference; lastKnownFileType = sourcecode.c.objc; path = AppDelegate.m; sourceTree = "<group>"; };
		18311A2F18CDCBE4001A2069 /* Base */ = {isa = PBXFileReference; lastKnownFileType = file.storyboard; name = Base; path = Base.lproj/Main.storyboard; sourceTree = "<group>"; };
		18311A3118CDCBE4001A2069 /* ViewController.h */ = {isa = PBXFileReference; lastKnownFileType = sourcecode.c.h; path = ViewController.h; sourceTree = "<group>"; };
		18311A3218CDCBE4001A2069 /* ViewController.m */ = {isa = PBXFileReference; lastKnownFileType = sourcecode.c.objc; path = ViewController.m; sourceTree = "<group>"; };
		18311A3418CDCBE4001A2069 /* Images.xcassets */ = {isa = PBXFileReference; lastKnownFileType = folder.assetcatalog; path = Images.xcassets; sourceTree = "<group>"; };
		18311A3A18CDCBE4001A2069 /* ButtonExTests.xctest */ = {isa = PBXFileReference; explicitFileType = wrapper.cfbundle; includeInIndex = 0; path = ButtonExTests.xctest; sourceTree = BUILT_PRODUCTS_DIR; };
		18311A3B18CDCBE4001A2069 /* XCTest.framework */ = {isa = PBXFileReference; lastKnownFileType = wrapper.framework; name = XCTest.framework; path = Library/Frameworks/XCTest.framework; sourceTree = DEVELOPER_DIR; };
		18311A4318CDCBE4001A2069 /* ButtonExTests-Info.plist */ = {isa = PBXFileReference; lastKnownFileType = text.plist.xml; path = "ButtonExTests-Info.plist"; sourceTree = "<group>"; };
		18311A4518CDCBE4001A2069 /* en */ = {isa = PBXFileReference; lastKnownFileType = text.plist.strings; name = en; path = en.lproj/InfoPlist.strings; sourceTree = "<group>"; };
		18311A4718CDCBE4001A2069 /* ButtonExTests.m */ = {isa = PBXFileReference; lastKnownFileType = sourcecode.c.objc; path = ButtonExTests.m; sourceTree = "<group>"; };
		18311A5118CDCF66001A2069 /* image.png */ = {isa = PBXFileReference; lastKnownFileType = image.png; path = image.png; sourceTree = "<group>"; };
		18DE499418CDD5D900270413 /* anna.jpg */ = {isa = PBXFileReference; lastKnownFileType = image.jpeg; path = anna.jpg; sourceTree = "<group>"; };
		18DE499618CDD5D900270413 /* el'za.png */ = {isa = PBXFileReference; lastKnownFileType = image.png; path = "el'za.png"; sourceTree = "<group>"; };
		18DE499718CDD5D900270413 /* kristoff.jpg */ = {isa = PBXFileReference; lastKnownFileType = image.jpeg; path = kristoff.jpg; sourceTree = "<group>"; };
		18DE499818CDD5D900270413 /* olov.jpg */ = {isa = PBXFileReference; lastKnownFileType = image.jpeg; path = olov.jpg; sourceTree = "<group>"; };
		18DE499918CDD5D900270413 /* olov2.png */ = {isa = PBXFileReference; lastKnownFileType = image.png; path = olov2.png; sourceTree = "<group>"; };
		18DE499A18CDD5D900270413 /* olov3.png */ = {isa = PBXFileReference; lastKnownFileType = image.png; path = olov3.png; sourceTree = "<group>"; };
		18DE499B18CDD5D900270413 /* princ.png */ = {isa = PBXFileReference; lastKnownFileType = image.png; path = princ.png; sourceTree = "<group>"; };
		18DE499C18CDD5D900270413 /* swen.png */ = {isa = PBXFileReference; lastKnownFileType = image.png; path = swen.png; sourceTree = "<group>"; };
		18DE499D18CDD5D900270413 /* vse .png */ = {isa = PBXFileReference; lastKnownFileType = image.png; path = "vse .png"; sourceTree = "<group>"; };
		18DE49AA18CDD75200270413 /* cards.jpg */ = {isa = PBXFileReference; lastKnownFileType = image.jpeg; path = cards.jpg; sourceTree = "<group>"; };
/* End PBXFileReference section */

/* Begin PBXFrameworksBuildPhase section */
		18311A1618CDCBE4001A2069 /* Frameworks */ = {
			isa = PBXFrameworksBuildPhase;
			buildActionMask = 2147483647;
			files = (
				18311A1F18CDCBE4001A2069 /* CoreGraphics.framework in Frameworks */,
				18311A2118CDCBE4001A2069 /* UIKit.framework in Frameworks */,
				18311A1D18CDCBE4001A2069 /* Foundation.framework in Frameworks */,
			);
			runOnlyForDeploymentPostprocessing = 0;
		};
		18311A3718CDCBE4001A2069 /* Frameworks */ = {
			isa = PBXFrameworksBuildPhase;
			buildActionMask = 2147483647;
			files = (
				18311A3C18CDCBE4001A2069 /* XCTest.framework in Frameworks */,
				18311A3E18CDCBE4001A2069 /* UIKit.framework in Frameworks */,
				18311A3D18CDCBE4001A2069 /* Foundation.framework in Frameworks */,
			);
			runOnlyForDeploymentPostprocessing = 0;
		};
/* End PBXFrameworksBuildPhase section */

/* Begin PBXGroup section */
		18311A1018CDCBE4001A2069 = {
			isa = PBXGroup;
			children = (
				18311A2218CDCBE4001A2069 /* ButtonEx */,
				18311A4118CDCBE4001A2069 /* ButtonExTests */,
				18311A1B18CDCBE4001A2069 /* Frameworks */,
				18311A1A18CDCBE4001A2069 /* Products */,
			);
			sourceTree = "<group>";
		};
		18311A1A18CDCBE4001A2069 /* Products */ = {
			isa = PBXGroup;
			children = (
				18311A1918CDCBE4001A2069 /* ButtonEx.app */,
				18311A3A18CDCBE4001A2069 /* ButtonExTests.xctest */,
			);
			name = Products;
			sourceTree = "<group>";
		};
		18311A1B18CDCBE4001A2069 /* Frameworks */ = {
			isa = PBXGroup;
			children = (
				18311A1C18CDCBE4001A2069 /* Foundation.framework */,
				18311A1E18CDCBE4001A2069 /* CoreGraphics.framework */,
				18311A2018CDCBE4001A2069 /* UIKit.framework */,
				18311A3B18CDCBE4001A2069 /* XCTest.framework */,
			);
			name = Frameworks;
			sourceTree = "<group>";
		};
		18311A2218CDCBE4001A2069 /* ButtonEx */ = {
			isa = PBXGroup;
			children = (
				18311A2B18CDCBE4001A2069 /* AppDelegate.h */,
				18311A2C18CDCBE4001A2069 /* AppDelegate.m */,
				18311A2E18CDCBE4001A2069 /* Main.storyboard */,
				18311A3118CDCBE4001A2069 /* ViewController.h */,
				18311A3218CDCBE4001A2069 /* ViewController.m */,
				18311A3418CDCBE4001A2069 /* Images.xcassets */,
				18311A2318CDCBE4001A2069 /* Supporting Files */,
			);
			path = ButtonEx;
			sourceTree = "<group>";
		};
		18311A2318CDCBE4001A2069 /* Supporting Files */ = {
			isa = PBXGroup;
			children = (
				18DE499418CDD5D900270413 /* anna.jpg */,
				18DE499618CDD5D900270413 /* el'za.png */,
				18DE499718CDD5D900270413 /* kristoff.jpg */,
				18DE499818CDD5D900270413 /* olov.jpg */,
				18DE499918CDD5D900270413 /* olov2.png */,
				18DE49AA18CDD75200270413 /* cards.jpg */,
				18DE499A18CDD5D900270413 /* olov3.png */,
				18DE499B18CDD5D900270413 /* princ.png */,
				18DE499C18CDD5D900270413 /* swen.png */,
				18DE499D18CDD5D900270413 /* vse .png */,
				18311A5118CDCF66001A2069 /* image.png */,
				18311A2418CDCBE4001A2069 /* ButtonEx-Info.plist */,
				18311A2518CDCBE4001A2069 /* InfoPlist.strings */,
				18311A2818CDCBE4001A2069 /* main.m */,
				18311A2A18CDCBE4001A2069 /* ButtonEx-Prefix.pch */,
			);
			name = "Supporting Files";
			sourceTree = "<group>";
		};
		18311A4118CDCBE4001A2069 /* ButtonExTests */ = {
			isa = PBXGroup;
			children = (
				18311A4718CDCBE4001A2069 /* ButtonExTests.m */,
				18311A4218CDCBE4001A2069 /* Supporting Files */,
			);
			path = ButtonExTests;
			sourceTree = "<group>";
		};
		18311A4218CDCBE4001A2069 /* Supporting Files */ = {
			isa = PBXGroup;
			children = (
				18311A4318CDCBE4001A2069 /* ButtonExTests-Info.plist */,
				18311A4418CDCBE4001A2069 /* InfoPlist.strings */,
			);
			name = "Supporting Files";
			sourceTree = "<group>";
		};
/* End PBXGroup section */

/* Begin PBXNativeTarget section */
		18311A1818CDCBE4001A2069 /* ButtonEx */ = {
			isa = PBXNativeTarget;
			buildConfigurationList = 18311A4B18CDCBE4001A2069 /* Build configuration list for PBXNativeTarget "ButtonEx" */;
			buildPhases = (
				18311A1518CDCBE4001A2069 /* Sources */,
				18311A1618CDCBE4001A2069 /* Frameworks */,
				18311A1718CDCBE4001A2069 /* Resources */,
			);
			buildRules = (
			);
			dependencies = (
			);
			name = ButtonEx;
			productName = ButtonEx;
			productReference = 18311A1918CDCBE4001A2069 /* ButtonEx.app */;
			productType = "com.apple.product-type.application";
		};
		18311A3918CDCBE4001A2069 /* ButtonExTests */ = {
			isa = PBXNativeTarget;
			buildConfigurationList = 18311A4E18CDCBE4001A2069 /* Build configuration list for PBXNativeTarget "ButtonExTests" */;
			buildPhases = (
				18311A3618CDCBE4001A2069 /* Sources */,
				18311A3718CDCBE4001A2069 /* Frameworks */,
				18311A3818CDCBE4001A2069 /* Resources */,
			);
			buildRules = (
			);
			dependencies = (
				18311A4018CDCBE4001A2069 /* PBXTargetDependency */,
			);
			name = ButtonExTests;
			productName = ButtonExTests;
			productReference = 18311A3A18CDCBE4001A2069 /* ButtonExTests.xctest */;
			productType = "com.apple.product-type.bundle.unit-test";
		};
/* End PBXNativeTarget section */

/* Begin PBXProject section */
		18311A1118CDCBE4001A2069 /* Project object */ = {
			isa = PBXProject;
			attributes = {
				LastUpgradeCheck = 0500;
				ORGANIZATIONNAME = Kulyash;
				TargetAttributes = {
					18311A3918CDCBE4001A2069 = {
						TestTargetID = 18311A1818CDCBE4001A2069;
					};
				};
			};
			buildConfigurationList = 18311A1418CDCBE4001A2069 /* Build configuration list for PBXProject "ButtonEx" */;
			compatibilityVersion = "Xcode 3.2";
			developmentRegion = English;
			hasScannedForEncodings = 0;
			knownRegions = (
				en,
				Base,
			);
			mainGroup = 18311A1018CDCBE4001A2069;
			productRefGroup = 18311A1A18CDCBE4001A2069 /* Products */;
			projectDirPath = "";
			projectRoot = "";
			targets = (
				18311A1818CDCBE4001A2069 /* ButtonEx */,
				18311A3918CDCBE4001A2069 /* ButtonExTests */,
			);
		};
/* End PBXProject section */

/* Begin PBXResourcesBuildPhase section */
		18311A1718CDCBE4001A2069 /* Resources */ = {
			isa = PBXResourcesBuildPhase;
			buildActionMask = 2147483647;
			files = (
				18DE49A018CDD5D900270413 /* el'za.png in Resources */,
				18DE49A718CDD5D900270413 /* vse .png in Resources */,
				18311A3518CDCBE4001A2069 /* Images.xcassets in Resources */,
				18DE49A318CDD5D900270413 /* olov2.png in Resources */,
				18DE49A118CDD5D900270413 /* kristoff.jpg in Resources */,
				18DE49A218CDD5D900270413 /* olov.jpg in Resources */,
				18DE499E18CDD5D900270413 /* anna.jpg in Resources */,
				18311A2718CDCBE4001A2069 /* InfoPlist.strings in Resources */,
				18DE49A518CDD5D900270413 /* princ.png in Resources */,
				18311A3018CDCBE4001A2069 /* Main.storyboard in Resources */,
				18311A5218CDCF66001A2069 /* image.png in Resources */,
				18DE49AB18CDD75200270413 /* cards.jpg in Resources */,
				18DE49A418CDD5D900270413 /* olov3.png in Resources */,
				18DE49A618CDD5D900270413 /* swen.png in Resources */,
			);
			runOnlyForDeploymentPostprocessing = 0;
		};
		18311A3818CDCBE4001A2069 /* Resources */ = {
			isa = PBXResourcesBuildPhase;
			buildActionMask = 2147483647;
			files = (
				18311A4618CDCBE4001A2069 /* InfoPlist.strings in Resources */,
			);
			runOnlyForDeploymentPostprocessing = 0;
		};
/* End PBXResourcesBuildPhase section */

/* Begin PBXSourcesBuildPhase section */
		18311A1518CDCBE4001A2069 /* Sources */ = {
			isa = PBXSourcesBuildPhase;
			buildActionMask = 2147483647;
			files = (
				18311A3318CDCBE4001A2069 /* ViewController.m in Sources */,
				18311A2D18CDCBE4001A2069 /* AppDelegate.m in Sources */,
				18311A2918CDCBE4001A2069 /* main.m in Sources */,
			);
			runOnlyForDeploymentPostprocessing = 0;
		};
		18311A3618CDCBE4001A2069 /* Sources */ = {
			isa = PBXSourcesBuildPhase;
			buildActionMask = 2147483647;
			files = (
				18311A4818CDCBE4001A2069 /* ButtonExTests.m in Sources */,
			);
			runOnlyForDeploymentPostprocessing = 0;
		};
/* End PBXSourcesBuildPhase section */

/* Begin PBXTargetDependency section */
		18311A4018CDCBE4001A2069 /* PBXTargetDependency */ = {
			isa = PBXTargetDependency;
			target = 18311A1818CDCBE4001A2069 /* ButtonEx */;
			targetProxy = 18311A3F18CDCBE4001A2069 /* PBXContainerItemProxy */;
		};
/* End PBXTargetDependency section */

/* Begin PBXVariantGroup section */
		18311A2518CDCBE4001A2069 /* InfoPlist.strings */ = {
			isa = PBXVariantGroup;
			children = (
				18311A2618CDCBE4001A2069 /* en */,
			);
			name = InfoPlist.strings;
			sourceTree = "<group>";
		};
		18311A2E18CDCBE4001A2069 /* Main.storyboard */ = {
			isa = PBXVariantGroup;
			children = (
				18311A2F18CDCBE4001A2069 /* Base */,
			);
			name = Main.storyboard;
			sourceTree = "<group>";
		};
		18311A4418CDCBE4001A2069 /* InfoPlist.strings */ = {
			isa = PBXVariantGroup;
			children = (
				18311A4518CDCBE4001A2069 /* en */,
			);
			name = InfoPlist.strings;
			sourceTree = "<group>";
		};
/* End PBXVariantGroup section */

/* Begin XCBuildConfiguration section */
		18311A4918CDCBE4001A2069 /* Debug */ = {
			isa = XCBuildConfiguration;
			buildSettings = {
				ALWAYS_SEARCH_USER_PATHS = NO;
				ARCHS = "$(ARCHS_STANDARD_INCLUDING_64_BIT)";
				CLANG_CXX_LANGUAGE_STANDARD = "gnu++0x";
				CLANG_CXX_LIBRARY = "libc++";
				CLANG_ENABLE_MODULES = YES;
				CLANG_ENABLE_OBJC_ARC = YES;
				CLANG_WARN_BOOL_CONVERSION = YES;
				CLANG_WARN_CONSTANT_CONVERSION = YES;
				CLANG_WARN_DIRECT_OBJC_ISA_USAGE = YES_ERROR;
				CLANG_WARN_EMPTY_BODY = YES;
				CLANG_WARN_ENUM_CONVERSION = YES;
				CLANG_WARN_INT_CONVERSION = YES;
				CLANG_WARN_OBJC_ROOT_CLASS = YES_ERROR;
				CLANG_WARN__DUPLICATE_METHOD_MATCH = YES;
				"CODE_SIGN_IDENTITY[sdk=iphoneos*]" = "iPhone Developer";
				COPY_PHASE_STRIP = NO;
				GCC_C_LANGUAGE_STANDARD = gnu99;
				GCC_DYNAMIC_NO_PIC = NO;
				GCC_OPTIMIZATION_LEVEL = 0;
				GCC_PREPROCESSOR_DEFINITIONS = (
					"DEBUG=1",
					"$(inherited)",
				);
				GCC_SYMBOLS_PRIVATE_EXTERN = NO;
				GCC_WARN_64_TO_32_BIT_CONVERSION = YES;
				GCC_WARN_ABOUT_RETURN_TYPE = YES_ERROR;
				GCC_WARN_UNDECLARED_SELECTOR = YES;
				GCC_WARN_UNINITIALIZED_AUTOS = YES;
				GCC_WARN_UNUSED_FUNCTION = YES;
				GCC_WARN_UNUSED_VARIABLE = YES;
				IPHONEOS_DEPLOYMENT_TARGET = 7.0;
				ONLY_ACTIVE_ARCH = YES;
				SDKROOT = iphoneos;
			};
			name = Debug;
		};
		18311A4A18CDCBE4001A2069 /* Release */ = {
			isa = XCBuildConfiguration;
			buildSettings = {
				ALWAYS_SEARCH_USER_PATHS = NO;
				ARCHS = "$(ARCHS_STANDARD_INCLUDING_64_BIT)";
				CLANG_CXX_LANGUAGE_STANDARD = "gnu++0x";
				CLANG_CXX_LIBRARY = "libc++";
				CLANG_ENABLE_MODULES = YES;
				CLANG_ENABLE_OBJC_ARC = YES;
				CLANG_WARN_BOOL_CONVERSION = YES;
				CLANG_WARN_CONSTANT_CONVERSION = YES;
				CLANG_WARN_DIRECT_OBJC_ISA_USAGE = YES_ERROR;
				CLANG_WARN_EMPTY_BODY = YES;
				CLANG_WARN_ENUM_CONVERSION = YES;
				CLANG_WARN_INT_CONVERSION = YES;
				CLANG_WARN_OBJC_ROOT_CLASS = YES_ERROR;
				CLANG_WARN__DUPLICATE_METHOD_MATCH = YES;
				"CODE_SIGN_IDENTITY[sdk=iphoneos*]" = "iPhone Developer";
				COPY_PHASE_STRIP = YES;
				ENABLE_NS_ASSERTIONS = NO;
				GCC_C_LANGUAGE_STANDARD = gnu99;
				GCC_WARN_64_TO_32_BIT_CONVERSION = YES;
				GCC_WARN_ABOUT_RETURN_TYPE = YES_ERROR;
				GCC_WARN_UNDECLARED_SELECTOR = YES;
				GCC_WARN_UNINITIALIZED_AUTOS = YES;
				GCC_WARN_UNUSED_FUNCTION = YES;
				GCC_WARN_UNUSED_VARIABLE = YES;
				IPHONEOS_DEPLOYMENT_TARGET = 7.0;
				SDKROOT = iphoneos;
				VALIDATE_PRODUCT = YES;
			};
			name = Release;
		};
		18311A4C18CDCBE4001A2069 /* Debug */ = {
			isa = XCBuildConfiguration;
			buildSettings = {
				ASSETCATALOG_COMPILER_APPICON_NAME = AppIcon;
				ASSETCATALOG_COMPILER_LAUNCHIMAGE_NAME = LaunchImage;
				GCC_PRECOMPILE_PREFIX_HEADER = YES;
				GCC_PREFIX_HEADER = "ButtonEx/ButtonEx-Prefix.pch";
				INFOPLIST_FILE = "ButtonEx/ButtonEx-Info.plist";
				PRODUCT_NAME = "$(TARGET_NAME)";
				WRAPPER_EXTENSION = app;
			};
			name = Debug;
		};
		18311A4D18CDCBE4001A2069 /* Release */ = {
			isa = XCBuildConfiguration;
			buildSettings = {
				ASSETCATALOG_COMPILER_APPICON_NAME = AppIcon;
				ASSETCATALOG_COMPILER_LAUNCHIMAGE_NAME = LaunchImage;
				GCC_PRECOMPILE_PREFIX_HEADER = YES;
				GCC_PREFIX_HEADER = "ButtonEx/ButtonEx-Prefix.pch";
				INFOPLIST_FILE = "ButtonEx/ButtonEx-Info.plist";
				PRODUCT_NAME = "$(TARGET_NAME)";
				WRAPPER_EXTENSION = app;
			};
			name = Release;
		};
		18311A4F18CDCBE4001A2069 /* Debug */ = {
			isa = XCBuildConfiguration;
			buildSettings = {
				ARCHS = "$(ARCHS_STANDARD_INCLUDING_64_BIT)";
				BUNDLE_LOADER = "$(BUILT_PRODUCTS_DIR)/ButtonEx.app/ButtonEx";
				FRAMEWORK_SEARCH_PATHS = (
					"$(SDKROOT)/Developer/Library/Frameworks",
					"$(inherited)",
					"$(DEVELOPER_FRAMEWORKS_DIR)",
				);
				GCC_PRECOMPILE_PREFIX_HEADER = YES;
				GCC_PREFIX_HEADER = "ButtonEx/ButtonEx-Prefix.pch";
				GCC_PREPROCESSOR_DEFINITIONS = (
					"DEBUG=1",
					"$(inherited)",
				);
				INFOPLIST_FILE = "ButtonExTests/ButtonExTests-Info.plist";
				PRODUCT_NAME = "$(TARGET_NAME)";
				TEST_HOST = "$(BUNDLE_LOADER)";
				WRAPPER_EXTENSION = xctest;
			};
			name = Debug;
		};
		18311A5018CDCBE4001A2069 /* Release */ = {
			isa = XCBuildConfiguration;
			buildSettings = {
				ARCHS = "$(ARCHS_STANDARD_INCLUDING_64_BIT)";
				BUNDLE_LOADER = "$(BUILT_PRODUCTS_DIR)/ButtonEx.app/ButtonEx";
				FRAMEWORK_SEARCH_PATHS = (
					"$(SDKROOT)/Developer/Library/Frameworks",
					"$(inherited)",
					"$(DEVELOPER_FRAMEWORKS_DIR)",
				);
				GCC_PRECOMPILE_PREFIX_HEADER = YES;
				GCC_PREFIX_HEADER = "ButtonEx/ButtonEx-Prefix.pch";
				INFOPLIST_FILE = "ButtonExTests/ButtonExTests-Info.plist";
				PRODUCT_NAME = "$(TARGET_NAME)";
				TEST_HOST = "$(BUNDLE_LOADER)";
				WRAPPER_EXTENSION = xctest;
			};
			name = Release;
		};
/* End XCBuildConfiguration section */

/* Begin XCConfigurationList section */
		18311A1418CDCBE4001A2069 /* Build configuration list for PBXProject "ButtonEx" */ = {
			isa = XCConfigurationList;
			buildConfigurations = (
				18311A4918CDCBE4001A2069 /* Debug */,
				18311A4A18CDCBE4001A2069 /* Release */,
			);
			defaultConfigurationIsVisible = 0;
			defaultConfigurationName = Release;
		};
		18311A4B18CDCBE4001A2069 /* Build configuration list for PBXNativeTarget "ButtonEx" */ = {
			isa = XCConfigurationList;
			buildConfigurations = (
				18311A4C18CDCBE4001A2069 /* Debug */,
				18311A4D18CDCBE4001A2069 /* Release */,
			);
			defaultConfigurationIsVisible = 0;
			defaultConfigurationName = Release;
		};
		18311A4E18CDCBE4001A2069 /* Build configuration list for PBXNativeTarget "ButtonExTests" */ = {
			isa = XCConfigurationList;
			buildConfigurations = (
				18311A4F18CDCBE4001A2069 /* Debug */,
				18311A5018CDCBE4001A2069 /* Release */,
			);
			defaultConfigurationIsVisible = 0;
			defaultConfigurationName = Release;
		};
/* End XCConfigurationList section */
	};
	rootObject = 18311A1118CDCBE4001A2069 /* Project object */;
}
